// !$*UTF8*$!
{
	archiveVersion = 1;
	classes = {
	};
	objectVersion = 77;
	objects = {

/* Begin PBXBuildFile section */
		3E97B8952D00DFDE00164252 /* Preview Assets.xcassets in Resources */ = {isa = PBXBuildFile; fileRef = 3E97B88F2D00DFDE00164252 /* Preview Assets.xcassets */; };
		3E97B8962D00DFDE00164252 /* Images.xcassets in Resources */ = {isa = PBXBuildFile; fileRef = 3E97B8912D00DFDE00164252 /* Images.xcassets */; };
		3E97B8972D00DFDE00164252 /* ContentView.swift in Sources */ = {isa = PBXBuildFile; fileRef = 3E97B8922D00DFDE00164252 /* ContentView.swift */; };
		3E97B8982D00DFDE00164252 /* HackerNewsApp.swift in Sources */ = {isa = PBXBuildFile; fileRef = 3E97B8932D00DFDE00164252 /* HackerNewsApp.swift */; };
		3E97B89B2D00DFEA00164252 /* HNAppTests.swift in Sources */ = {isa = PBXBuildFile; fileRef = 3E97B8992D00DFEA00164252 /* HNAppTests.swift */; };
		3E97B89F2D00DFED00164252 /* HNAppUITests.swift in Sources */ = {isa = PBXBuildFile; fileRef = 3E97B89C2D00DFED00164252 /* HNAppUITests.swift */; };
		3E97B8A02D00DFED00164252 /* HNAppUITestsLaunchTests.swift in Sources */ = {isa = PBXBuildFile; fileRef = 3E97B89D2D00DFED00164252 /* HNAppUITestsLaunchTests.swift */; };
		3E97B8B22D00F89F00164252 /* Colors.xcassets in Resources */ = {isa = PBXBuildFile; fileRef = 3E97B8B12D00F89F00164252 /* Colors.xcassets */; };
		3E97B8C12D00FB1500164252 /* Inter-Medium.ttf in Resources */ = {isa = PBXBuildFile; fileRef = 3E97B8BD2D00FB1500164252 /* Inter-Medium.ttf */; };
		3E97B8C22D00FB1500164252 /* Inter-ExtraBold.ttf in Resources */ = {isa = PBXBuildFile; fileRef = 3E97B8BA2D00FB1500164252 /* Inter-ExtraBold.ttf */; };
		3E97B8C32D00FB1500164252 /* Inter-Regular.ttf in Resources */ = {isa = PBXBuildFile; fileRef = 3E97B8BE2D00FB1500164252 /* Inter-Regular.ttf */; };
		3E97B8C42D00FB1500164252 /* Inter-SemiBold.ttf in Resources */ = {isa = PBXBuildFile; fileRef = 3E97B8BF2D00FB1500164252 /* Inter-SemiBold.ttf */; };
		3E97B8C52D00FB1500164252 /* Inter-Thin.ttf in Resources */ = {isa = PBXBuildFile; fileRef = 3E97B8C02D00FB1500164252 /* Inter-Thin.ttf */; };
		3E97B8C62D00FB1500164252 /* Inter-Black.ttf in Resources */ = {isa = PBXBuildFile; fileRef = 3E97B8B82D00FB1500164252 /* Inter-Black.ttf */; };
		3E97B8C72D00FB1500164252 /* Inter-Light.ttf in Resources */ = {isa = PBXBuildFile; fileRef = 3E97B8BC2D00FB1500164252 /* Inter-Light.ttf */; };
		3E97B8C82D00FB1500164252 /* Inter-Bold.ttf in Resources */ = {isa = PBXBuildFile; fileRef = 3E97B8B92D00FB1500164252 /* Inter-Bold.ttf */; };
		3E97B8C92D00FB1500164252 /* Inter-ExtraLight.ttf in Resources */ = {isa = PBXBuildFile; fileRef = 3E97B8BB2D00FB1500164252 /* Inter-ExtraLight.ttf */; };
		3E97B8CC2D01066600164252 /* UIFont+Extensions.swift in Sources */ = {isa = PBXBuildFile; fileRef = 3E97B8CB2D01066200164252 /* UIFont+Extensions.swift */; };
		3E97B8D62D01182200164252 /* ArticleDetailView.swift in Sources */ = {isa = PBXBuildFile; fileRef = 3E97B8D52D01182200164252 /* ArticleDetailView.swift */; };
		3E97B8D82D01182E00164252 /* WebView.swift in Sources */ = {isa = PBXBuildFile; fileRef = 3E97B8D72D01182D00164252 /* WebView.swift */; };
		3E97B8DA2D01190D00164252 /* ArticleListView.swift in Sources */ = {isa = PBXBuildFile; fileRef = 3E97B8D92D01190C00164252 /* ArticleListView.swift */; };
		3E97B8DC2D011B3D00164252 /* ArticleListViewModel.swift in Sources */ = {isa = PBXBuildFile; fileRef = 3E97B8DB2D011B3800164252 /* ArticleListViewModel.swift */; };
		3E97B8DE2D011F0400164252 /* ArticleCellView.swift in Sources */ = {isa = PBXBuildFile; fileRef = 3E97B8DD2D011F0300164252 /* ArticleCellView.swift */; };
		3E97B8E32D013BE500164252 /* DateHelper.swift in Sources */ = {isa = PBXBuildFile; fileRef = 3E97B8E22D013BE200164252 /* DateHelper.swift */; };
		3E97B8E72D013E9F00164252 /* LoadingView.swift in Sources */ = {isa = PBXBuildFile; fileRef = 3E97B8E62D013E9F00164252 /* LoadingView.swift */; };
		3E97B8E92D01578000164252 /* Coordinator.swift in Sources */ = {isa = PBXBuildFile; fileRef = 3E97B8E82D01577F00164252 /* Coordinator.swift */; };
		3E97B8EB2D0157A900164252 /* Route.swift in Sources */ = {isa = PBXBuildFile; fileRef = 3E97B8EA2D0157A800164252 /* Route.swift */; };
		3E97B8ED2D01600000164252 /* ArticleDetailViewModel.swift in Sources */ = {isa = PBXBuildFile; fileRef = 3E97B8EC2D015FFB00164252 /* ArticleDetailViewModel.swift */; };
		3E97B8EF2D01621900164252 /* Article.swift in Sources */ = {isa = PBXBuildFile; fileRef = 3E97B8EE2D01621800164252 /* Article.swift */; };
		3E97B8F12D0163EB00164252 /* CustomNavigationBar.swift in Sources */ = {isa = PBXBuildFile; fileRef = 3E97B8F02D0163EA00164252 /* CustomNavigationBar.swift */; };
		3E97B8F42D0166DB00164252 /* WebViewCoordinator.swift in Sources */ = {isa = PBXBuildFile; fileRef = 3E97B8F32D0166DA00164252 /* WebViewCoordinator.swift */; };
		3EE05F612D01FAC5005447E5 /* NetworkMonitor.swift in Sources */ = {isa = PBXBuildFile; fileRef = 3EE05F602D01FAC3005447E5 /* NetworkMonitor.swift */; };
		3EE05F642D01FD2D005447E5 /* ServiceError.swift in Sources */ = {isa = PBXBuildFile; fileRef = 3EE05F632D01FD2C005447E5 /* ServiceError.swift */; };
		3EE05F662D01FD62005447E5 /* ServiceManager.swift in Sources */ = {isa = PBXBuildFile; fileRef = 3EE05F652D01FD61005447E5 /* ServiceManager.swift */; };
		3EE05F682D01FE9D005447E5 /* URLRequestConvertible.swift in Sources */ = {isa = PBXBuildFile; fileRef = 3EE05F672D01FE9C005447E5 /* URLRequestConvertible.swift */; };
		3EE05F6A2D01FEAD005447E5 /* HTTPMethods.swift in Sources */ = {isa = PBXBuildFile; fileRef = 3EE05F692D01FEAB005447E5 /* HTTPMethods.swift */; };
		3EE05F6D2D01FEE4005447E5 /* Encodable+Extensions.swift in Sources */ = {isa = PBXBuildFile; fileRef = 3EE05F6C2D01FEE2005447E5 /* Encodable+Extensions.swift */; };
		3EE05F702D022164005447E5 /* NewsResponse.swift in Sources */ = {isa = PBXBuildFile; fileRef = 3EE05F6F2D02215B005447E5 /* NewsResponse.swift */; };
		3EE05F722D022687005447E5 /* NewsService.swift in Sources */ = {isa = PBXBuildFile; fileRef = 3EE05F712D022683005447E5 /* NewsService.swift */; };
		3EE05F742D0226B0005447E5 /* NewsServiceProtocol.swift in Sources */ = {isa = PBXBuildFile; fileRef = 3EE05F732D0226AB005447E5 /* NewsServiceProtocol.swift */; };
		3EE05F762D022752005447E5 /* HNApi.swift in Sources */ = {isa = PBXBuildFile; fileRef = 3EE05F752D02274D005447E5 /* HNApi.swift */; };
		3EE05F7E2D024D58005447E5 /* ArticleModel.swift in Sources */ = {isa = PBXBuildFile; fileRef = 3EE05F7D2D024D58005447E5 /* ArticleModel.swift */; };
		3EE05F812D025B45005447E5 /* ArticleDataSource.swift in Sources */ = {isa = PBXBuildFile; fileRef = 3EE05F802D025B3D005447E5 /* ArticleDataSource.swift */; };
/* End PBXBuildFile section */

/* Begin PBXContainerItemProxy section */
		3E97B8452D00D05000164252 /* PBXContainerItemProxy */ = {
			isa = PBXContainerItemProxy;
			containerPortal = 3E97B82C2D00D04E00164252 /* Project object */;
			proxyType = 1;
			remoteGlobalIDString = 3E97B8332D00D04E00164252;
			remoteInfo = HNApp;
		};
		3E97B84F2D00D05000164252 /* PBXContainerItemProxy */ = {
			isa = PBXContainerItemProxy;
			containerPortal = 3E97B82C2D00D04E00164252 /* Project object */;
			proxyType = 1;
			remoteGlobalIDString = 3E97B8332D00D04E00164252;
			remoteInfo = HNApp;
		};
/* End PBXContainerItemProxy section */

/* Begin PBXFileReference section */
		3E97B8342D00D04E00164252 /* HNApp.app */ = {isa = PBXFileReference; explicitFileType = wrapper.application; includeInIndex = 0; path = HNApp.app; sourceTree = BUILT_PRODUCTS_DIR; };
		3E97B8442D00D05000164252 /* HNAppTests.xctest */ = {isa = PBXFileReference; explicitFileType = wrapper.cfbundle; includeInIndex = 0; path = HNAppTests.xctest; sourceTree = BUILT_PRODUCTS_DIR; };
		3E97B84E2D00D05000164252 /* HNAppUITests.xctest */ = {isa = PBXFileReference; explicitFileType = wrapper.cfbundle; includeInIndex = 0; path = HNAppUITests.xctest; sourceTree = BUILT_PRODUCTS_DIR; };
		3E97B88F2D00DFDE00164252 /* Preview Assets.xcassets */ = {isa = PBXFileReference; lastKnownFileType = folder.assetcatalog; path = "Preview Assets.xcassets"; sourceTree = "<group>"; };
		3E97B8912D00DFDE00164252 /* Images.xcassets */ = {isa = PBXFileReference; lastKnownFileType = folder.assetcatalog; path = Images.xcassets; sourceTree = "<group>"; };
		3E97B8922D00DFDE00164252 /* ContentView.swift */ = {isa = PBXFileReference; lastKnownFileType = sourcecode.swift; path = ContentView.swift; sourceTree = "<group>"; };
		3E97B8932D00DFDE00164252 /* HackerNewsApp.swift */ = {isa = PBXFileReference; lastKnownFileType = sourcecode.swift; path = HackerNewsApp.swift; sourceTree = "<group>"; };
		3E97B8992D00DFEA00164252 /* HNAppTests.swift */ = {isa = PBXFileReference; lastKnownFileType = sourcecode.swift; path = HNAppTests.swift; sourceTree = "<group>"; };
		3E97B89C2D00DFED00164252 /* HNAppUITests.swift */ = {isa = PBXFileReference; lastKnownFileType = sourcecode.swift; path = HNAppUITests.swift; sourceTree = "<group>"; };
		3E97B89D2D00DFED00164252 /* HNAppUITestsLaunchTests.swift */ = {isa = PBXFileReference; lastKnownFileType = sourcecode.swift; path = HNAppUITestsLaunchTests.swift; sourceTree = "<group>"; };
		3E97B8B12D00F89F00164252 /* Colors.xcassets */ = {isa = PBXFileReference; lastKnownFileType = folder.assetcatalog; path = Colors.xcassets; sourceTree = "<group>"; };
		3E97B8B82D00FB1500164252 /* Inter-Black.ttf */ = {isa = PBXFileReference; lastKnownFileType = file; path = "Inter-Black.ttf"; sourceTree = "<group>"; };
		3E97B8B92D00FB1500164252 /* Inter-Bold.ttf */ = {isa = PBXFileReference; lastKnownFileType = file; path = "Inter-Bold.ttf"; sourceTree = "<group>"; };
		3E97B8BA2D00FB1500164252 /* Inter-ExtraBold.ttf */ = {isa = PBXFileReference; lastKnownFileType = file; path = "Inter-ExtraBold.ttf"; sourceTree = "<group>"; };
		3E97B8BB2D00FB1500164252 /* Inter-ExtraLight.ttf */ = {isa = PBXFileReference; lastKnownFileType = file; path = "Inter-ExtraLight.ttf"; sourceTree = "<group>"; };
		3E97B8BC2D00FB1500164252 /* Inter-Light.ttf */ = {isa = PBXFileReference; lastKnownFileType = file; path = "Inter-Light.ttf"; sourceTree = "<group>"; };
		3E97B8BD2D00FB1500164252 /* Inter-Medium.ttf */ = {isa = PBXFileReference; lastKnownFileType = file; path = "Inter-Medium.ttf"; sourceTree = "<group>"; };
		3E97B8BE2D00FB1500164252 /* Inter-Regular.ttf */ = {isa = PBXFileReference; lastKnownFileType = file; path = "Inter-Regular.ttf"; sourceTree = "<group>"; };
		3E97B8BF2D00FB1500164252 /* Inter-SemiBold.ttf */ = {isa = PBXFileReference; lastKnownFileType = file; path = "Inter-SemiBold.ttf"; sourceTree = "<group>"; };
		3E97B8C02D00FB1500164252 /* Inter-Thin.ttf */ = {isa = PBXFileReference; lastKnownFileType = file; path = "Inter-Thin.ttf"; sourceTree = "<group>"; };
		3E97B8CB2D01066200164252 /* UIFont+Extensions.swift */ = {isa = PBXFileReference; lastKnownFileType = sourcecode.swift; path = "UIFont+Extensions.swift"; sourceTree = "<group>"; };
		3E97B8CF2D010B1C00164252 /* Info.plist */ = {isa = PBXFileReference; lastKnownFileType = text.plist; path = Info.plist; sourceTree = "<group>"; };
		3E97B8D52D01182200164252 /* ArticleDetailView.swift */ = {isa = PBXFileReference; lastKnownFileType = sourcecode.swift; path = ArticleDetailView.swift; sourceTree = "<group>"; };
		3E97B8D72D01182D00164252 /* WebView.swift */ = {isa = PBXFileReference; lastKnownFileType = sourcecode.swift; path = WebView.swift; sourceTree = "<group>"; };
		3E97B8D92D01190C00164252 /* ArticleListView.swift */ = {isa = PBXFileReference; lastKnownFileType = sourcecode.swift; path = ArticleListView.swift; sourceTree = "<group>"; };
		3E97B8DB2D011B3800164252 /* ArticleListViewModel.swift */ = {isa = PBXFileReference; lastKnownFileType = sourcecode.swift; path = ArticleListViewModel.swift; sourceTree = "<group>"; };
		3E97B8DD2D011F0300164252 /* ArticleCellView.swift */ = {isa = PBXFileReference; lastKnownFileType = sourcecode.swift; path = ArticleCellView.swift; sourceTree = "<group>"; };
		3E97B8E22D013BE200164252 /* DateHelper.swift */ = {isa = PBXFileReference; lastKnownFileType = sourcecode.swift; path = DateHelper.swift; sourceTree = "<group>"; };
		3E97B8E62D013E9F00164252 /* LoadingView.swift */ = {isa = PBXFileReference; lastKnownFileType = sourcecode.swift; path = LoadingView.swift; sourceTree = "<group>"; };
		3E97B8E82D01577F00164252 /* Coordinator.swift */ = {isa = PBXFileReference; lastKnownFileType = sourcecode.swift; path = Coordinator.swift; sourceTree = "<group>"; };
		3E97B8EA2D0157A800164252 /* Route.swift */ = {isa = PBXFileReference; lastKnownFileType = sourcecode.swift; path = Route.swift; sourceTree = "<group>"; };
		3E97B8EC2D015FFB00164252 /* ArticleDetailViewModel.swift */ = {isa = PBXFileReference; lastKnownFileType = sourcecode.swift; path = ArticleDetailViewModel.swift; sourceTree = "<group>"; };
		3E97B8EE2D01621800164252 /* Article.swift */ = {isa = PBXFileReference; lastKnownFileType = sourcecode.swift; path = Article.swift; sourceTree = "<group>"; };
		3E97B8F02D0163EA00164252 /* CustomNavigationBar.swift */ = {isa = PBXFileReference; lastKnownFileType = sourcecode.swift; path = CustomNavigationBar.swift; sourceTree = "<group>"; };
		3E97B8F32D0166DA00164252 /* WebViewCoordinator.swift */ = {isa = PBXFileReference; lastKnownFileType = sourcecode.swift; path = WebViewCoordinator.swift; sourceTree = "<group>"; };
		3EE05F602D01FAC3005447E5 /* NetworkMonitor.swift */ = {isa = PBXFileReference; lastKnownFileType = sourcecode.swift; path = NetworkMonitor.swift; sourceTree = "<group>"; };
		3EE05F632D01FD2C005447E5 /* ServiceError.swift */ = {isa = PBXFileReference; lastKnownFileType = sourcecode.swift; path = ServiceError.swift; sourceTree = "<group>"; };
		3EE05F652D01FD61005447E5 /* ServiceManager.swift */ = {isa = PBXFileReference; lastKnownFileType = sourcecode.swift; path = ServiceManager.swift; sourceTree = "<group>"; };
		3EE05F672D01FE9C005447E5 /* URLRequestConvertible.swift */ = {isa = PBXFileReference; lastKnownFileType = sourcecode.swift; path = URLRequestConvertible.swift; sourceTree = "<group>"; };
		3EE05F692D01FEAB005447E5 /* HTTPMethods.swift */ = {isa = PBXFileReference; lastKnownFileType = sourcecode.swift; path = HTTPMethods.swift; sourceTree = "<group>"; };
		3EE05F6C2D01FEE2005447E5 /* Encodable+Extensions.swift */ = {isa = PBXFileReference; lastKnownFileType = sourcecode.swift; path = "Encodable+Extensions.swift"; sourceTree = "<group>"; };
		3EE05F6F2D02215B005447E5 /* NewsResponse.swift */ = {isa = PBXFileReference; lastKnownFileType = sourcecode.swift; path = NewsResponse.swift; sourceTree = "<group>"; };
		3EE05F712D022683005447E5 /* NewsService.swift */ = {isa = PBXFileReference; lastKnownFileType = sourcecode.swift; path = NewsService.swift; sourceTree = "<group>"; };
		3EE05F732D0226AB005447E5 /* NewsServiceProtocol.swift */ = {isa = PBXFileReference; lastKnownFileType = sourcecode.swift; path = NewsServiceProtocol.swift; sourceTree = "<group>"; };
		3EE05F752D02274D005447E5 /* HNApi.swift */ = {isa = PBXFileReference; lastKnownFileType = sourcecode.swift; path = HNApi.swift; sourceTree = "<group>"; };
		3EE05F7D2D024D58005447E5 /* ArticleModel.swift */ = {isa = PBXFileReference; lastKnownFileType = sourcecode.swift; path = ArticleModel.swift; sourceTree = "<group>"; };
		3EE05F802D025B3D005447E5 /* ArticleDataSource.swift */ = {isa = PBXFileReference; lastKnownFileType = sourcecode.swift; path = ArticleDataSource.swift; sourceTree = "<group>"; };
/* End PBXFileReference section */

/* Begin PBXFrameworksBuildPhase section */
		3E97B8312D00D04E00164252 /* Frameworks */ = {
			isa = PBXFrameworksBuildPhase;
			buildActionMask = 2147483647;
			files = (
			);
			runOnlyForDeploymentPostprocessing = 0;
		};
		3E97B8412D00D05000164252 /* Frameworks */ = {
			isa = PBXFrameworksBuildPhase;
			buildActionMask = 2147483647;
			files = (
			);
			runOnlyForDeploymentPostprocessing = 0;
		};
		3E97B84B2D00D05000164252 /* Frameworks */ = {
			isa = PBXFrameworksBuildPhase;
			buildActionMask = 2147483647;
			files = (
			);
			runOnlyForDeploymentPostprocessing = 0;
		};
/* End PBXFrameworksBuildPhase section */

/* Begin PBXGroup section */
		3E97B82B2D00D04E00164252 = {
			isa = PBXGroup;
			children = (
				3E97B8942D00DFDE00164252 /* HNApp */,
				3E97B89A2D00DFEA00164252 /* HNAppTests */,
				3E97B89E2D00DFED00164252 /* HNAppUITests */,
				3E97B8352D00D04E00164252 /* Products */,
			);
			sourceTree = "<group>";
		};
		3E97B8352D00D04E00164252 /* Products */ = {
			isa = PBXGroup;
			children = (
				3E97B8342D00D04E00164252 /* HNApp.app */,
				3E97B8442D00D05000164252 /* HNAppTests.xctest */,
				3E97B84E2D00D05000164252 /* HNAppUITests.xctest */,
			);
			name = Products;
			sourceTree = "<group>";
		};
		3E97B8902D00DFDE00164252 /* Preview Content */ = {
			isa = PBXGroup;
			children = (
				3E97B88F2D00DFDE00164252 /* Preview Assets.xcassets */,
			);
			path = "Preview Content";
			sourceTree = "<group>";
		};
		3E97B8942D00DFDE00164252 /* HNApp */ = {
			isa = PBXGroup;
			children = (
				3E97B8E42D013E9200164252 /* UIComponents */,
				3E97B8CF2D010B1C00164252 /* Info.plist */,
				3E97B8B42D00F99300164252 /* Common */,
				3E97B8AD2D00F3FB00164252 /* Presentation */,
				3E97B8AC2D00F3F100164252 /* Domain */,
				3E97B8AB2D00F3EC00164252 /* Data */,
				3E97B8AA2D00E03700164252 /* App */,
				3E97B8A12D00DFF300164252 /* Resources */,
				3E97B8902D00DFDE00164252 /* Preview Content */,
			);
			path = HNApp;
			sourceTree = "<group>";
		};
		3E97B89A2D00DFEA00164252 /* HNAppTests */ = {
			isa = PBXGroup;
			children = (
				3E97B8992D00DFEA00164252 /* HNAppTests.swift */,
			);
			path = HNAppTests;
			sourceTree = "<group>";
		};
		3E97B89E2D00DFED00164252 /* HNAppUITests */ = {
			isa = PBXGroup;
			children = (
				3E97B89C2D00DFED00164252 /* HNAppUITests.swift */,
				3E97B89D2D00DFED00164252 /* HNAppUITestsLaunchTests.swift */,
			);
			path = HNAppUITests;
			sourceTree = "<group>";
		};
		3E97B8A12D00DFF300164252 /* Resources */ = {
			isa = PBXGroup;
			children = (
				3E97B8B72D00FAFD00164252 /* Fonts */,
				3E97B8B02D00F88100164252 /* Assets */,
			);
			path = Resources;
			sourceTree = "<group>";
		};
		3E97B8AA2D00E03700164252 /* App */ = {
			isa = PBXGroup;
			children = (
				3E97B8EA2D0157A800164252 /* Route.swift */,
				3E97B8E82D01577F00164252 /* Coordinator.swift */,
				3E97B8922D00DFDE00164252 /* ContentView.swift */,
				3E97B8932D00DFDE00164252 /* HackerNewsApp.swift */,
			);
			path = App;
			sourceTree = "<group>";
		};
		3E97B8AB2D00F3EC00164252 /* Data */ = {
			isa = PBXGroup;
			children = (
				3EE05F752D02274D005447E5 /* HNApi.swift */,
				3EE05F772D024C63005447E5 /* Repository */,
				3EE05F6B2D01FEDC005447E5 /* Extensions */,
				3EE05F622D01FD26005447E5 /* Helpers */,
			);
			path = Data;
			sourceTree = "<group>";
		};
		3E97B8AC2D00F3F100164252 /* Domain */ = {
			isa = PBXGroup;
			children = (
				3E97B8EE2D01621800164252 /* Article.swift */,
			);
			path = Domain;
			sourceTree = "<group>";
		};
		3E97B8AD2D00F3FB00164252 /* Presentation */ = {
			isa = PBXGroup;
			children = (
				3E97B8D42D01180C00164252 /* ArticleDetailView */,
				3E97B8B52D00FAB800164252 /* CommonViews */,
				3E97B8B62D00FAC700164252 /* ArticleListView */,
			);
			path = Presentation;
			sourceTree = "<group>";
		};
		3E97B8B02D00F88100164252 /* Assets */ = {
			isa = PBXGroup;
			children = (
				3E97B8912D00DFDE00164252 /* Images.xcassets */,
				3E97B8B12D00F89F00164252 /* Colors.xcassets */,
			);
			path = Assets;
			sourceTree = "<group>";
		};
		3E97B8B42D00F99300164252 /* Common */ = {
			isa = PBXGroup;
			children = (
				3E97B8DF2D013BB900164252 /* Helpers */,
				3E97B8CA2D01065900164252 /* Extensions */,
			);
			path = Common;
			sourceTree = "<group>";
		};
		3E97B8B52D00FAB800164252 /* CommonViews */ = {
			isa = PBXGroup;
			children = (
				3E97B8F22D0166D600164252 /* WebView */,
			);
			path = CommonViews;
			sourceTree = "<group>";
		};
		3E97B8B62D00FAC700164252 /* ArticleListView */ = {
			isa = PBXGroup;
			children = (
				3E97B8DD2D011F0300164252 /* ArticleCellView.swift */,
				3E97B8DB2D011B3800164252 /* ArticleListViewModel.swift */,
				3E97B8D92D01190C00164252 /* ArticleListView.swift */,
			);
			path = ArticleListView;
			sourceTree = "<group>";
		};
		3E97B8B72D00FAFD00164252 /* Fonts */ = {
			isa = PBXGroup;
			children = (
				3E97B8B82D00FB1500164252 /* Inter-Black.ttf */,
				3E97B8B92D00FB1500164252 /* Inter-Bold.ttf */,
				3E97B8BA2D00FB1500164252 /* Inter-ExtraBold.ttf */,
				3E97B8BB2D00FB1500164252 /* Inter-ExtraLight.ttf */,
				3E97B8BC2D00FB1500164252 /* Inter-Light.ttf */,
				3E97B8BD2D00FB1500164252 /* Inter-Medium.ttf */,
				3E97B8BE2D00FB1500164252 /* Inter-Regular.ttf */,
				3E97B8BF2D00FB1500164252 /* Inter-SemiBold.ttf */,
				3E97B8C02D00FB1500164252 /* Inter-Thin.ttf */,
			);
			path = Fonts;
			sourceTree = "<group>";
		};
		3E97B8CA2D01065900164252 /* Extensions */ = {
			isa = PBXGroup;
			children = (
				3E97B8CB2D01066200164252 /* UIFont+Extensions.swift */,
			);
			path = Extensions;
			sourceTree = "<group>";
		};
		3E97B8D42D01180C00164252 /* ArticleDetailView */ = {
			isa = PBXGroup;
			children = (
				3E97B8EC2D015FFB00164252 /* ArticleDetailViewModel.swift */,
				3E97B8D52D01182200164252 /* ArticleDetailView.swift */,
			);
			path = ArticleDetailView;
			sourceTree = "<group>";
		};
		3E97B8DF2D013BB900164252 /* Helpers */ = {
			isa = PBXGroup;
			children = (
				3E97B8E22D013BE200164252 /* DateHelper.swift */,
			);
			path = Helpers;
			sourceTree = "<group>";
		};
		3E97B8E42D013E9200164252 /* UIComponents */ = {
			isa = PBXGroup;
			children = (
				3E97B8F02D0163EA00164252 /* CustomNavigationBar.swift */,
				3E97B8E62D013E9F00164252 /* LoadingView.swift */,
			);
			path = UIComponents;
			sourceTree = "<group>";
		};
		3E97B8F22D0166D600164252 /* WebView */ = {
			isa = PBXGroup;
			children = (
				3E97B8D72D01182D00164252 /* WebView.swift */,
				3E97B8F32D0166DA00164252 /* WebViewCoordinator.swift */,
			);
			path = WebView;
			sourceTree = "<group>";
		};
		3EE05F622D01FD26005447E5 /* Helpers */ = {
			isa = PBXGroup;
			children = (
				3EE05F692D01FEAB005447E5 /* HTTPMethods.swift */,
				3EE05F672D01FE9C005447E5 /* URLRequestConvertible.swift */,
				3EE05F652D01FD61005447E5 /* ServiceManager.swift */,
				3EE05F632D01FD2C005447E5 /* ServiceError.swift */,
				3EE05F602D01FAC3005447E5 /* NetworkMonitor.swift */,
			);
			path = Helpers;
			sourceTree = "<group>";
		};
		3EE05F6B2D01FEDC005447E5 /* Extensions */ = {
			isa = PBXGroup;
			children = (
				3EE05F6C2D01FEE2005447E5 /* Encodable+Extensions.swift */,
			);
			path = Extensions;
			sourceTree = "<group>";
		};
		3EE05F6E2D022127005447E5 /* News */ = {
			isa = PBXGroup;
			children = (
				3EE05F732D0226AB005447E5 /* NewsServiceProtocol.swift */,
				3EE05F712D022683005447E5 /* NewsService.swift */,
				3EE05F6F2D02215B005447E5 /* NewsResponse.swift */,
			);
			path = News;
			sourceTree = "<group>";
		};
		3EE05F772D024C63005447E5 /* Repository */ = {
			isa = PBXGroup;
			children = (
				3EE05F792D024CAE005447E5 /* Local */,
				3EE05F782D024CA9005447E5 /* Remote */,
			);
			path = Repository;
			sourceTree = "<group>";
		};
		3EE05F782D024CA9005447E5 /* Remote */ = {
			isa = PBXGroup;
			children = (
				3EE05F6E2D022127005447E5 /* News */,
			);
			path = Remote;
			sourceTree = "<group>";
		};
		3EE05F792D024CAE005447E5 /* Local */ = {
			isa = PBXGroup;
			children = (
				3EE05F7A2D024CB5005447E5 /* Article */,
			);
			path = Local;
			sourceTree = "<group>";
		};
		3EE05F7A2D024CB5005447E5 /* Article */ = {
			isa = PBXGroup;
			children = (
				3EE05F802D025B3D005447E5 /* ArticleDataSource.swift */,
				3EE05F7D2D024D58005447E5 /* ArticleModel.swift */,
			);
			path = Article;
			sourceTree = "<group>";
		};
/* End PBXGroup section */

/* Begin PBXNativeTarget section */
		3E97B8332D00D04E00164252 /* HNApp */ = {
			isa = PBXNativeTarget;
			buildConfigurationList = 3E97B8582D00D05000164252 /* Build configuration list for PBXNativeTarget "HNApp" */;
			buildPhases = (
				3E97B8302D00D04E00164252 /* Sources */,
				3E97B8312D00D04E00164252 /* Frameworks */,
				3E97B8322D00D04E00164252 /* Resources */,
			);
			buildRules = (
			);
			dependencies = (
			);
			name = HNApp;
			productName = HNApp;
			productReference = 3E97B8342D00D04E00164252 /* HNApp.app */;
			productType = "com.apple.product-type.application";
		};
		3E97B8432D00D05000164252 /* HNAppTests */ = {
			isa = PBXNativeTarget;
			buildConfigurationList = 3E97B85B2D00D05000164252 /* Build configuration list for PBXNativeTarget "HNAppTests" */;
			buildPhases = (
				3E97B8402D00D05000164252 /* Sources */,
				3E97B8412D00D05000164252 /* Frameworks */,
				3E97B8422D00D05000164252 /* Resources */,
			);
			buildRules = (
			);
			dependencies = (
				3E97B8462D00D05000164252 /* PBXTargetDependency */,
			);
			name = HNAppTests;
			productName = HNAppTests;
			productReference = 3E97B8442D00D05000164252 /* HNAppTests.xctest */;
			productType = "com.apple.product-type.bundle.unit-test";
		};
		3E97B84D2D00D05000164252 /* HNAppUITests */ = {
			isa = PBXNativeTarget;
			buildConfigurationList = 3E97B85E2D00D05000164252 /* Build configuration list for PBXNativeTarget "HNAppUITests" */;
			buildPhases = (
				3E97B84A2D00D05000164252 /* Sources */,
				3E97B84B2D00D05000164252 /* Frameworks */,
				3E97B84C2D00D05000164252 /* Resources */,
			);
			buildRules = (
			);
			dependencies = (
				3E97B8502D00D05000164252 /* PBXTargetDependency */,
			);
			name = HNAppUITests;
			productName = HNAppUITests;
			productReference = 3E97B84E2D00D05000164252 /* HNAppUITests.xctest */;
			productType = "com.apple.product-type.bundle.ui-testing";
		};
/* End PBXNativeTarget section */

/* Begin PBXProject section */
		3E97B82C2D00D04E00164252 /* Project object */ = {
			isa = PBXProject;
			attributes = {
				BuildIndependentTargetsInParallel = 1;
				LastSwiftUpdateCheck = 1610;
				LastUpgradeCheck = 1610;
				TargetAttributes = {
					3E97B8332D00D04E00164252 = {
						CreatedOnToolsVersion = 16.1;
					};
					3E97B8432D00D05000164252 = {
						CreatedOnToolsVersion = 16.1;
						TestTargetID = 3E97B8332D00D04E00164252;
					};
					3E97B84D2D00D05000164252 = {
						CreatedOnToolsVersion = 16.1;
						TestTargetID = 3E97B8332D00D04E00164252;
					};
				};
			};
			buildConfigurationList = 3E97B82F2D00D04E00164252 /* Build configuration list for PBXProject "HNApp" */;
			developmentRegion = en;
			hasScannedForEncodings = 0;
			knownRegions = (
				en,
				Base,
			);
			mainGroup = 3E97B82B2D00D04E00164252;
			minimizedProjectReferenceProxies = 1;
			preferredProjectObjectVersion = 77;
			productRefGroup = 3E97B8352D00D04E00164252 /* Products */;
			projectDirPath = "";
			projectRoot = "";
			targets = (
				3E97B8332D00D04E00164252 /* HNApp */,
				3E97B8432D00D05000164252 /* HNAppTests */,
				3E97B84D2D00D05000164252 /* HNAppUITests */,
			);
		};
/* End PBXProject section */

/* Begin PBXResourcesBuildPhase section */
		3E97B8322D00D04E00164252 /* Resources */ = {
			isa = PBXResourcesBuildPhase;
			buildActionMask = 2147483647;
			files = (
				3E97B8B22D00F89F00164252 /* Colors.xcassets in Resources */,
				3E97B8952D00DFDE00164252 /* Preview Assets.xcassets in Resources */,
				3E97B8962D00DFDE00164252 /* Images.xcassets in Resources */,
				3E97B8C12D00FB1500164252 /* Inter-Medium.ttf in Resources */,
				3E97B8C22D00FB1500164252 /* Inter-ExtraBold.ttf in Resources */,
				3E97B8C32D00FB1500164252 /* Inter-Regular.ttf in Resources */,
				3E97B8C42D00FB1500164252 /* Inter-SemiBold.ttf in Resources */,
				3E97B8C52D00FB1500164252 /* Inter-Thin.ttf in Resources */,
				3E97B8C62D00FB1500164252 /* Inter-Black.ttf in Resources */,
				3E97B8C72D00FB1500164252 /* Inter-Light.ttf in Resources */,
				3E97B8C82D00FB1500164252 /* Inter-Bold.ttf in Resources */,
				3E97B8C92D00FB1500164252 /* Inter-ExtraLight.ttf in Resources */,
			);
			runOnlyForDeploymentPostprocessing = 0;
		};
		3E97B8422D00D05000164252 /* Resources */ = {
			isa = PBXResourcesBuildPhase;
			buildActionMask = 2147483647;
			files = (
			);
			runOnlyForDeploymentPostprocessing = 0;
		};
		3E97B84C2D00D05000164252 /* Resources */ = {
			isa = PBXResourcesBuildPhase;
			buildActionMask = 2147483647;
			files = (
			);
			runOnlyForDeploymentPostprocessing = 0;
		};
/* End PBXResourcesBuildPhase section */

/* Begin PBXSourcesBuildPhase section */
		3E97B8302D00D04E00164252 /* Sources */ = {
			isa = PBXSourcesBuildPhase;
			buildActionMask = 2147483647;
			files = (
				3E97B8F42D0166DB00164252 /* WebViewCoordinator.swift in Sources */,
				3E97B8D62D01182200164252 /* ArticleDetailView.swift in Sources */,
				3E97B8DA2D01190D00164252 /* ArticleListView.swift in Sources */,
				3EE05F7E2D024D58005447E5 /* ArticleModel.swift in Sources */,
				3E97B8972D00DFDE00164252 /* ContentView.swift in Sources */,
				3E97B8E72D013E9F00164252 /* LoadingView.swift in Sources */,
				3E97B8CC2D01066600164252 /* UIFont+Extensions.swift in Sources */,
				3EE05F642D01FD2D005447E5 /* ServiceError.swift in Sources */,
				3EE05F682D01FE9D005447E5 /* URLRequestConvertible.swift in Sources */,
				3EE05F812D025B45005447E5 /* ArticleDataSource.swift in Sources */,
				3E97B8982D00DFDE00164252 /* HackerNewsApp.swift in Sources */,
				3E97B8E92D01578000164252 /* Coordinator.swift in Sources */,
				3EE05F742D0226B0005447E5 /* NewsServiceProtocol.swift in Sources */,
				3E97B8EF2D01621900164252 /* Article.swift in Sources */,
				3E97B8ED2D01600000164252 /* ArticleDetailViewModel.swift in Sources */,
				3E97B8F12D0163EB00164252 /* CustomNavigationBar.swift in Sources */,
				3EE05F612D01FAC5005447E5 /* NetworkMonitor.swift in Sources */,
				3E97B8D82D01182E00164252 /* WebView.swift in Sources */,
				3E97B8E32D013BE500164252 /* DateHelper.swift in Sources */,
				3E97B8EB2D0157A900164252 /* Route.swift in Sources */,
				3EE05F702D022164005447E5 /* NewsResponse.swift in Sources */,
				3EE05F722D022687005447E5 /* NewsService.swift in Sources */,
				3EE05F6D2D01FEE4005447E5 /* Encodable+Extensions.swift in Sources */,
				3E97B8DC2D011B3D00164252 /* ArticleListViewModel.swift in Sources */,
				3E97B8DE2D011F0400164252 /* ArticleCellView.swift in Sources */,
				3EE05F662D01FD62005447E5 /* ServiceManager.swift in Sources */,
				3EE05F762D022752005447E5 /* HNApi.swift in Sources */,
				3EE05F6A2D01FEAD005447E5 /* HTTPMethods.swift in Sources */,
			);
			runOnlyForDeploymentPostprocessing = 0;
		};
		3E97B8402D00D05000164252 /* Sources */ = {
			isa = PBXSourcesBuildPhase;
			buildActionMask = 2147483647;
			files = (
				3E97B89B2D00DFEA00164252 /* HNAppTests.swift in Sources */,
			);
			runOnlyForDeploymentPostprocessing = 0;
		};
		3E97B84A2D00D05000164252 /* Sources */ = {
			isa = PBXSourcesBuildPhase;
			buildActionMask = 2147483647;
			files = (
				3E97B89F2D00DFED00164252 /* HNAppUITests.swift in Sources */,
				3E97B8A02D00DFED00164252 /* HNAppUITestsLaunchTests.swift in Sources */,
			);
			runOnlyForDeploymentPostprocessing = 0;
		};
/* End PBXSourcesBuildPhase section */

/* Begin PBXTargetDependency section */
		3E97B8462D00D05000164252 /* PBXTargetDependency */ = {
			isa = PBXTargetDependency;
			target = 3E97B8332D00D04E00164252 /* HNApp */;
			targetProxy = 3E97B8452D00D05000164252 /* PBXContainerItemProxy */;
		};
		3E97B8502D00D05000164252 /* PBXTargetDependency */ = {
			isa = PBXTargetDependency;
			target = 3E97B8332D00D04E00164252 /* HNApp */;
			targetProxy = 3E97B84F2D00D05000164252 /* PBXContainerItemProxy */;
		};
/* End PBXTargetDependency section */

/* Begin XCBuildConfiguration section */
		3E97B8562D00D05000164252 /* Debug */ = {
			isa = XCBuildConfiguration;
			buildSettings = {
				ALWAYS_SEARCH_USER_PATHS = NO;
				ASSETCATALOG_COMPILER_GENERATE_SWIFT_ASSET_SYMBOL_EXTENSIONS = YES;
				CLANG_ANALYZER_NONNULL = YES;
				CLANG_ANALYZER_NUMBER_OBJECT_CONVERSION = YES_AGGRESSIVE;
				CLANG_CXX_LANGUAGE_STANDARD = "gnu++20";
				CLANG_ENABLE_MODULES = YES;
				CLANG_ENABLE_OBJC_ARC = YES;
				CLANG_ENABLE_OBJC_WEAK = YES;
				CLANG_WARN_BLOCK_CAPTURE_AUTORELEASING = YES;
				CLANG_WARN_BOOL_CONVERSION = YES;
				CLANG_WARN_COMMA = YES;
				CLANG_WARN_CONSTANT_CONVERSION = YES;
				CLANG_WARN_DEPRECATED_OBJC_IMPLEMENTATIONS = YES;
				CLANG_WARN_DIRECT_OBJC_ISA_USAGE = YES_ERROR;
				CLANG_WARN_DOCUMENTATION_COMMENTS = YES;
				CLANG_WARN_EMPTY_BODY = YES;
				CLANG_WARN_ENUM_CONVERSION = YES;
				CLANG_WARN_INFINITE_RECURSION = YES;
				CLANG_WARN_INT_CONVERSION = YES;
				CLANG_WARN_NON_LITERAL_NULL_CONVERSION = YES;
				CLANG_WARN_OBJC_IMPLICIT_RETAIN_SELF = YES;
				CLANG_WARN_OBJC_LITERAL_CONVERSION = YES;
				CLANG_WARN_OBJC_ROOT_CLASS = YES_ERROR;
				CLANG_WARN_QUOTED_INCLUDE_IN_FRAMEWORK_HEADER = YES;
				CLANG_WARN_RANGE_LOOP_ANALYSIS = YES;
				CLANG_WARN_STRICT_PROTOTYPES = YES;
				CLANG_WARN_SUSPICIOUS_MOVE = YES;
				CLANG_WARN_UNGUARDED_AVAILABILITY = YES_AGGRESSIVE;
				CLANG_WARN_UNREACHABLE_CODE = YES;
				CLANG_WARN__DUPLICATE_METHOD_MATCH = YES;
				COPY_PHASE_STRIP = NO;
				DEBUG_INFORMATION_FORMAT = dwarf;
				ENABLE_STRICT_OBJC_MSGSEND = YES;
				ENABLE_TESTABILITY = YES;
				ENABLE_USER_SCRIPT_SANDBOXING = YES;
				GCC_C_LANGUAGE_STANDARD = gnu17;
				GCC_DYNAMIC_NO_PIC = NO;
				GCC_NO_COMMON_BLOCKS = YES;
				GCC_OPTIMIZATION_LEVEL = 0;
				GCC_PREPROCESSOR_DEFINITIONS = (
					"DEBUG=1",
					"$(inherited)",
				);
				GCC_WARN_64_TO_32_BIT_CONVERSION = YES;
				GCC_WARN_ABOUT_RETURN_TYPE = YES_ERROR;
				GCC_WARN_UNDECLARED_SELECTOR = YES;
				GCC_WARN_UNINITIALIZED_AUTOS = YES_AGGRESSIVE;
				GCC_WARN_UNUSED_FUNCTION = YES;
				GCC_WARN_UNUSED_VARIABLE = YES;
				IPHONEOS_DEPLOYMENT_TARGET = 18.1;
				LOCALIZATION_PREFERS_STRING_CATALOGS = YES;
				MTL_ENABLE_DEBUG_INFO = INCLUDE_SOURCE;
				MTL_FAST_MATH = YES;
				ONLY_ACTIVE_ARCH = YES;
				SDKROOT = iphoneos;
				SWIFT_ACTIVE_COMPILATION_CONDITIONS = "DEBUG $(inherited)";
				SWIFT_OPTIMIZATION_LEVEL = "-Onone";
			};
			name = Debug;
		};
		3E97B8572D00D05000164252 /* Release */ = {
			isa = XCBuildConfiguration;
			buildSettings = {
				ALWAYS_SEARCH_USER_PATHS = NO;
				ASSETCATALOG_COMPILER_GENERATE_SWIFT_ASSET_SYMBOL_EXTENSIONS = YES;
				CLANG_ANALYZER_NONNULL = YES;
				CLANG_ANALYZER_NUMBER_OBJECT_CONVERSION = YES_AGGRESSIVE;
				CLANG_CXX_LANGUAGE_STANDARD = "gnu++20";
				CLANG_ENABLE_MODULES = YES;
				CLANG_ENABLE_OBJC_ARC = YES;
				CLANG_ENABLE_OBJC_WEAK = YES;
				CLANG_WARN_BLOCK_CAPTURE_AUTORELEASING = YES;
				CLANG_WARN_BOOL_CONVERSION = YES;
				CLANG_WARN_COMMA = YES;
				CLANG_WARN_CONSTANT_CONVERSION = YES;
				CLANG_WARN_DEPRECATED_OBJC_IMPLEMENTATIONS = YES;
				CLANG_WARN_DIRECT_OBJC_ISA_USAGE = YES_ERROR;
				CLANG_WARN_DOCUMENTATION_COMMENTS = YES;
				CLANG_WARN_EMPTY_BODY = YES;
				CLANG_WARN_ENUM_CONVERSION = YES;
				CLANG_WARN_INFINITE_RECURSION = YES;
				CLANG_WARN_INT_CONVERSION = YES;
				CLANG_WARN_NON_LITERAL_NULL_CONVERSION = YES;
				CLANG_WARN_OBJC_IMPLICIT_RETAIN_SELF = YES;
				CLANG_WARN_OBJC_LITERAL_CONVERSION = YES;
				CLANG_WARN_OBJC_ROOT_CLASS = YES_ERROR;
				CLANG_WARN_QUOTED_INCLUDE_IN_FRAMEWORK_HEADER = YES;
				CLANG_WARN_RANGE_LOOP_ANALYSIS = YES;
				CLANG_WARN_STRICT_PROTOTYPES = YES;
				CLANG_WARN_SUSPICIOUS_MOVE = YES;
				CLANG_WARN_UNGUARDED_AVAILABILITY = YES_AGGRESSIVE;
				CLANG_WARN_UNREACHABLE_CODE = YES;
				CLANG_WARN__DUPLICATE_METHOD_MATCH = YES;
				COPY_PHASE_STRIP = NO;
				DEBUG_INFORMATION_FORMAT = "dwarf-with-dsym";
				ENABLE_NS_ASSERTIONS = NO;
				ENABLE_STRICT_OBJC_MSGSEND = YES;
				ENABLE_USER_SCRIPT_SANDBOXING = YES;
				GCC_C_LANGUAGE_STANDARD = gnu17;
				GCC_NO_COMMON_BLOCKS = YES;
				GCC_WARN_64_TO_32_BIT_CONVERSION = YES;
				GCC_WARN_ABOUT_RETURN_TYPE = YES_ERROR;
				GCC_WARN_UNDECLARED_SELECTOR = YES;
				GCC_WARN_UNINITIALIZED_AUTOS = YES_AGGRESSIVE;
				GCC_WARN_UNUSED_FUNCTION = YES;
				GCC_WARN_UNUSED_VARIABLE = YES;
				IPHONEOS_DEPLOYMENT_TARGET = 18.1;
				LOCALIZATION_PREFERS_STRING_CATALOGS = YES;
				MTL_ENABLE_DEBUG_INFO = NO;
				MTL_FAST_MATH = YES;
				SDKROOT = iphoneos;
				SWIFT_COMPILATION_MODE = wholemodule;
				VALIDATE_PRODUCT = YES;
			};
			name = Release;
		};
		3E97B8592D00D05000164252 /* Debug */ = {
			isa = XCBuildConfiguration;
			buildSettings = {
				ASSETCATALOG_COMPILER_APPICON_NAME = AppIcon;
				ASSETCATALOG_COMPILER_GLOBAL_ACCENT_COLOR_NAME = AccentColor;
				CODE_SIGN_STYLE = Automatic;
				CURRENT_PROJECT_VERSION = 1;
				DEVELOPMENT_ASSET_PATHS = "\"HNApp/Preview Content\"";
				ENABLE_PREVIEWS = YES;
				GENERATE_INFOPLIST_FILE = YES;
				INFOPLIST_FILE = HNApp/Info.plist;
				INFOPLIST_KEY_UIApplicationSceneManifest_Generation = YES;
				INFOPLIST_KEY_UIApplicationSupportsIndirectInputEvents = YES;
				INFOPLIST_KEY_UILaunchScreen_Generation = YES;
				INFOPLIST_KEY_UISupportedInterfaceOrientations_iPad = "UIInterfaceOrientationPortrait UIInterfaceOrientationPortraitUpsideDown UIInterfaceOrientationLandscapeLeft UIInterfaceOrientationLandscapeRight";
				INFOPLIST_KEY_UISupportedInterfaceOrientations_iPhone = "UIInterfaceOrientationPortrait UIInterfaceOrientationLandscapeLeft UIInterfaceOrientationLandscapeRight";
				LD_RUNPATH_SEARCH_PATHS = (
					"$(inherited)",
					"@executable_path/Frameworks",
				);
				MARKETING_VERSION = 1.0;
				PRODUCT_BUNDLE_IDENTIFIER = com.test.HNApp;
				PRODUCT_NAME = "$(TARGET_NAME)";
				SWIFT_EMIT_LOC_STRINGS = YES;
				SWIFT_VERSION = 5.0;
				TARGETED_DEVICE_FAMILY = "1,2";
			};
			name = Debug;
		};
		3E97B85A2D00D05000164252 /* Release */ = {
			isa = XCBuildConfiguration;
			buildSettings = {
				ASSETCATALOG_COMPILER_APPICON_NAME = AppIcon;
				ASSETCATALOG_COMPILER_GLOBAL_ACCENT_COLOR_NAME = AccentColor;
				CODE_SIGN_STYLE = Automatic;
				CURRENT_PROJECT_VERSION = 1;
				DEVELOPMENT_ASSET_PATHS = "\"HNApp/Preview Content\"";
				ENABLE_PREVIEWS = YES;
				GENERATE_INFOPLIST_FILE = YES;
				INFOPLIST_FILE = HNApp/Info.plist;
				INFOPLIST_KEY_UIApplicationSceneManifest_Generation = YES;
				INFOPLIST_KEY_UIApplicationSupportsIndirectInputEvents = YES;
				INFOPLIST_KEY_UILaunchScreen_Generation = YES;
				INFOPLIST_KEY_UISupportedInterfaceOrientations_iPad = "UIInterfaceOrientationPortrait UIInterfaceOrientationPortraitUpsideDown UIInterfaceOrientationLandscapeLeft UIInterfaceOrientationLandscapeRight";
				INFOPLIST_KEY_UISupportedInterfaceOrientations_iPhone = "UIInterfaceOrientationPortrait UIInterfaceOrientationLandscapeLeft UIInterfaceOrientationLandscapeRight";
				LD_RUNPATH_SEARCH_PATHS = (
					"$(inherited)",
					"@executable_path/Frameworks",
				);
				MARKETING_VERSION = 1.0;
				PRODUCT_BUNDLE_IDENTIFIER = com.test.HNApp;
				PRODUCT_NAME = "$(TARGET_NAME)";
				SWIFT_EMIT_LOC_STRINGS = YES;
				SWIFT_VERSION = 5.0;
				TARGETED_DEVICE_FAMILY = "1,2";
			};
			name = Release;
		};
		3E97B85C2D00D05000164252 /* Debug */ = {
			isa = XCBuildConfiguration;
			buildSettings = {
				BUNDLE_LOADER = "$(TEST_HOST)";
				CODE_SIGN_STYLE = Automatic;
				CURRENT_PROJECT_VERSION = 1;
				GENERATE_INFOPLIST_FILE = YES;
				IPHONEOS_DEPLOYMENT_TARGET = 18.1;
				MARKETING_VERSION = 1.0;
				PRODUCT_BUNDLE_IDENTIFIER = com.test.HNAppTests;
				PRODUCT_NAME = "$(TARGET_NAME)";
				SWIFT_EMIT_LOC_STRINGS = NO;
				SWIFT_VERSION = 5.0;
				TARGETED_DEVICE_FAMILY = "1,2";
				TEST_HOST = "$(BUILT_PRODUCTS_DIR)/HNApp.app/$(BUNDLE_EXECUTABLE_FOLDER_PATH)/HNApp";
			};
			name = Debug;
		};
		3E97B85D2D00D05000164252 /* Release */ = {
			isa = XCBuildConfiguration;
			buildSettings = {
				BUNDLE_LOADER = "$(TEST_HOST)";
				CODE_SIGN_STYLE = Automatic;
				CURRENT_PROJECT_VERSION = 1;
				GENERATE_INFOPLIST_FILE = YES;
				IPHONEOS_DEPLOYMENT_TARGET = 18.1;
				MARKETING_VERSION = 1.0;
				PRODUCT_BUNDLE_IDENTIFIER = com.test.HNAppTests;
				PRODUCT_NAME = "$(TARGET_NAME)";
				SWIFT_EMIT_LOC_STRINGS = NO;
				SWIFT_VERSION = 5.0;
				TARGETED_DEVICE_FAMILY = "1,2";
				TEST_HOST = "$(BUILT_PRODUCTS_DIR)/HNApp.app/$(BUNDLE_EXECUTABLE_FOLDER_PATH)/HNApp";
			};
			name = Release;
		};
		3E97B85F2D00D05000164252 /* Debug */ = {
			isa = XCBuildConfiguration;
			buildSettings = {
				CODE_SIGN_STYLE = Automatic;
				CURRENT_PROJECT_VERSION = 1;
				GENERATE_INFOPLIST_FILE = YES;
				MARKETING_VERSION = 1.0;
				PRODUCT_BUNDLE_IDENTIFIER = com.test.HNAppUITests;
				PRODUCT_NAME = "$(TARGET_NAME)";
				SWIFT_EMIT_LOC_STRINGS = NO;
				SWIFT_VERSION = 5.0;
				TARGETED_DEVICE_FAMILY = "1,2";
				TEST_TARGET_NAME = HNApp;
			};
			name = Debug;
		};
		3E97B8602D00D05000164252 /* Release */ = {
			isa = XCBuildConfiguration;
			buildSettings = {
				CODE_SIGN_STYLE = Automatic;
				CURRENT_PROJECT_VERSION = 1;
				GENERATE_INFOPLIST_FILE = YES;
				MARKETING_VERSION = 1.0;
				PRODUCT_BUNDLE_IDENTIFIER = com.test.HNAppUITests;
				PRODUCT_NAME = "$(TARGET_NAME)";
				SWIFT_EMIT_LOC_STRINGS = NO;
				SWIFT_VERSION = 5.0;
				TARGETED_DEVICE_FAMILY = "1,2";
				TEST_TARGET_NAME = HNApp;
			};
			name = Release;
		};
/* End XCBuildConfiguration section */

/* Begin XCConfigurationList section */
		3E97B82F2D00D04E00164252 /* Build configuration list for PBXProject "HNApp" */ = {
			isa = XCConfigurationList;
			buildConfigurations = (
				3E97B8562D00D05000164252 /* Debug */,
				3E97B8572D00D05000164252 /* Release */,
			);
			defaultConfigurationIsVisible = 0;
			defaultConfigurationName = Release;
		};
		3E97B8582D00D05000164252 /* Build configuration list for PBXNativeTarget "HNApp" */ = {
			isa = XCConfigurationList;
			buildConfigurations = (
				3E97B8592D00D05000164252 /* Debug */,
				3E97B85A2D00D05000164252 /* Release */,
			);
			defaultConfigurationIsVisible = 0;
			defaultConfigurationName = Release;
		};
		3E97B85B2D00D05000164252 /* Build configuration list for PBXNativeTarget "HNAppTests" */ = {
			isa = XCConfigurationList;
			buildConfigurations = (
				3E97B85C2D00D05000164252 /* Debug */,
				3E97B85D2D00D05000164252 /* Release */,
			);
			defaultConfigurationIsVisible = 0;
			defaultConfigurationName = Release;
		};
		3E97B85E2D00D05000164252 /* Build configuration list for PBXNativeTarget "HNAppUITests" */ = {
			isa = XCConfigurationList;
			buildConfigurations = (
				3E97B85F2D00D05000164252 /* Debug */,
				3E97B8602D00D05000164252 /* Release */,
			);
			defaultConfigurationIsVisible = 0;
			defaultConfigurationName = Release;
		};
/* End XCConfigurationList section */
	};
	rootObject = 3E97B82C2D00D04E00164252 /* Project object */;
}
